// !$*UTF8*$!
{
	archiveVersion = 1;
	classes = {
	};
	objectVersion = 51;
	objects = {

/* Begin PBXBuildFile section */
		560AA7C5C71C12B624FC15CC /* Pods_Rightmind.framework in Frameworks */ = {isa = PBXBuildFile; fileRef = D08D2EAF6282381B05F08092 /* Pods_Rightmind.framework */; };
		DE05215222FB3BF6002BA7BF /* QuestionTableViewController.swift in Sources */ = {isa = PBXBuildFile; fileRef = DE05215122FB3BF6002BA7BF /* QuestionTableViewController.swift */; };
		DE05215922FB47A6002BA7BF /* ResultsViewController.swift in Sources */ = {isa = PBXBuildFile; fileRef = DE05215822FB47A6002BA7BF /* ResultsViewController.swift */; };
		DE0C90DB22FA60E7003104CF /* AppDelegate.swift in Sources */ = {isa = PBXBuildFile; fileRef = DE0C90DA22FA60E7003104CF /* AppDelegate.swift */; };
		DE0C90E222FA60E8003104CF /* Assets.xcassets in Resources */ = {isa = PBXBuildFile; fileRef = DE0C90E122FA60E8003104CF /* Assets.xcassets */; };
		DE0C90E522FA60E8003104CF /* LaunchScreen.storyboard in Resources */ = {isa = PBXBuildFile; fileRef = DE0C90E322FA60E8003104CF /* LaunchScreen.storyboard */; };
		DE12461723BFDE6D004AE759 /* Launch Screen.storyboard in Resources */ = {isa = PBXBuildFile; fileRef = DE12461623BFDE6D004AE759 /* Launch Screen.storyboard */; };
		DE1594A323D12FC200D6D952 /* GoogleService-Info.plist in Resources */ = {isa = PBXBuildFile; fileRef = DE1594A223D12FC200D6D952 /* GoogleService-Info.plist */; };
		DE63BD9A23D3997F008AB616 /* QuizViewController.swift in Sources */ = {isa = PBXBuildFile; fileRef = DE63BD9923D3997F008AB616 /* QuizViewController.swift */; };
		DE63BD9C23D399CE008AB616 /* AnswerButton.swift in Sources */ = {isa = PBXBuildFile; fileRef = DE63BD9B23D399CE008AB616 /* AnswerButton.swift */; };
		DE63BDA023D3A8C8008AB616 /* TabBarViewController.swift in Sources */ = {isa = PBXBuildFile; fileRef = DE63BD9F23D3A8C8008AB616 /* TabBarViewController.swift */; };
		DE63BDA223D3A967008AB616 /* HomeViewController.swift in Sources */ = {isa = PBXBuildFile; fileRef = DE63BDA123D3A967008AB616 /* HomeViewController.swift */; };
		DE63BDA423D3A992008AB616 /* NewsViewController.swift in Sources */ = {isa = PBXBuildFile; fileRef = DE63BDA323D3A992008AB616 /* NewsViewController.swift */; };
		DE63BDA623D3A9B3008AB616 /* SettingsViewController.swift in Sources */ = {isa = PBXBuildFile; fileRef = DE63BDA523D3A9B3008AB616 /* SettingsViewController.swift */; };
		DE8F166523009CDC00127CCD /* AnswerCell.swift in Sources */ = {isa = PBXBuildFile; fileRef = DE8F166423009CDC00127CCD /* AnswerCell.swift */; };
		DE8F166C2300A33100127CCD /* Question.swift in Sources */ = {isa = PBXBuildFile; fileRef = DE8F166B2300A33100127CCD /* Question.swift */; };
/* End PBXBuildFile section */

/* Begin PBXFileReference section */
		64EC144432DA9BDFDAB92913 /* Pods-Rightmind.release.xcconfig */ = {isa = PBXFileReference; includeInIndex = 1; lastKnownFileType = text.xcconfig; name = "Pods-Rightmind.release.xcconfig"; path = "Target Support Files/Pods-Rightmind/Pods-Rightmind.release.xcconfig"; sourceTree = "<group>"; };
		6DDC01ED6A7424B46B18D731 /* Pods-Rightmind.debug.xcconfig */ = {isa = PBXFileReference; includeInIndex = 1; lastKnownFileType = text.xcconfig; name = "Pods-Rightmind.debug.xcconfig"; path = "Target Support Files/Pods-Rightmind/Pods-Rightmind.debug.xcconfig"; sourceTree = "<group>"; };
		D08D2EAF6282381B05F08092 /* Pods_Rightmind.framework */ = {isa = PBXFileReference; explicitFileType = wrapper.framework; includeInIndex = 0; path = Pods_Rightmind.framework; sourceTree = BUILT_PRODUCTS_DIR; };
		DE05215122FB3BF6002BA7BF /* QuestionTableViewController.swift */ = {isa = PBXFileReference; lastKnownFileType = sourcecode.swift; path = QuestionTableViewController.swift; sourceTree = "<group>"; };
		DE05215822FB47A6002BA7BF /* ResultsViewController.swift */ = {isa = PBXFileReference; lastKnownFileType = sourcecode.swift; path = ResultsViewController.swift; sourceTree = "<group>"; };
		DE0C90D722FA60E7003104CF /* Rightmind.app */ = {isa = PBXFileReference; explicitFileType = wrapper.application; includeInIndex = 0; path = Rightmind.app; sourceTree = BUILT_PRODUCTS_DIR; };
		DE0C90DA22FA60E7003104CF /* AppDelegate.swift */ = {isa = PBXFileReference; lastKnownFileType = sourcecode.swift; path = AppDelegate.swift; sourceTree = "<group>"; };
		DE0C90E122FA60E8003104CF /* Assets.xcassets */ = {isa = PBXFileReference; lastKnownFileType = folder.assetcatalog; path = Assets.xcassets; sourceTree = "<group>"; };
		DE0C90E422FA60E8003104CF /* Base */ = {isa = PBXFileReference; lastKnownFileType = file.storyboard; name = Base; path = Base.lproj/LaunchScreen.storyboard; sourceTree = "<group>"; };
		DE0C90E622FA60E8003104CF /* Info.plist */ = {isa = PBXFileReference; lastKnownFileType = text.plist.xml; path = Info.plist; sourceTree = "<group>"; };
		DE12461623BFDE6D004AE759 /* Launch Screen.storyboard */ = {isa = PBXFileReference; lastKnownFileType = file.storyboard; path = "Launch Screen.storyboard"; sourceTree = "<group>"; };
		DE1594A223D12FC200D6D952 /* GoogleService-Info.plist */ = {isa = PBXFileReference; lastKnownFileType = text.plist; path = "GoogleService-Info.plist"; sourceTree = SOURCE_ROOT; };
		DE63BD9923D3997F008AB616 /* QuizViewController.swift */ = {isa = PBXFileReference; lastKnownFileType = sourcecode.swift; path = QuizViewController.swift; sourceTree = "<group>"; };
		DE63BD9B23D399CE008AB616 /* AnswerButton.swift */ = {isa = PBXFileReference; lastKnownFileType = sourcecode.swift; path = AnswerButton.swift; sourceTree = "<group>"; };
		DE63BD9F23D3A8C8008AB616 /* TabBarViewController.swift */ = {isa = PBXFileReference; lastKnownFileType = sourcecode.swift; path = TabBarViewController.swift; sourceTree = SOURCE_ROOT; };
		DE63BDA123D3A967008AB616 /* HomeViewController.swift */ = {isa = PBXFileReference; lastKnownFileType = sourcecode.swift; path = HomeViewController.swift; sourceTree = "<group>"; };
		DE63BDA323D3A992008AB616 /* NewsViewController.swift */ = {isa = PBXFileReference; lastKnownFileType = sourcecode.swift; path = NewsViewController.swift; sourceTree = "<group>"; };
		DE63BDA523D3A9B3008AB616 /* SettingsViewController.swift */ = {isa = PBXFileReference; lastKnownFileType = sourcecode.swift; path = SettingsViewController.swift; sourceTree = "<group>"; };
		DE8F166423009CDC00127CCD /* AnswerCell.swift */ = {isa = PBXFileReference; lastKnownFileType = sourcecode.swift; path = AnswerCell.swift; sourceTree = "<group>"; };
		DE8F166B2300A33100127CCD /* Question.swift */ = {isa = PBXFileReference; lastKnownFileType = sourcecode.swift; path = Question.swift; sourceTree = "<group>"; };
/* End PBXFileReference section */

/* Begin PBXFrameworksBuildPhase section */
		DE0C90D422FA60E7003104CF /* Frameworks */ = {
			isa = PBXFrameworksBuildPhase;
			buildActionMask = 2147483647;
			files = (
				560AA7C5C71C12B624FC15CC /* Pods_Rightmind.framework in Frameworks */,
			);
			runOnlyForDeploymentPostprocessing = 0;
		};
/* End PBXFrameworksBuildPhase section */

/* Begin PBXGroup section */
		0668FC442F140595FC99C2BF /* Pods */ = {
			isa = PBXGroup;
			children = (
				6DDC01ED6A7424B46B18D731 /* Pods-Rightmind.debug.xcconfig */,
				64EC144432DA9BDFDAB92913 /* Pods-Rightmind.release.xcconfig */,
			);
			path = Pods;
			sourceTree = "<group>";
		};
		62F6BA74BDF69F754540FD0B /* Frameworks */ = {
			isa = PBXGroup;
			children = (
				D08D2EAF6282381B05F08092 /* Pods_Rightmind.framework */,
			);
			name = Frameworks;
			sourceTree = "<group>";
		};
		DE0C90CE22FA60E7003104CF = {
			isa = PBXGroup;
			children = (
				DE0C90D922FA60E7003104CF /* Rightmind */,
				DE0C90D822FA60E7003104CF /* Products */,
				0668FC442F140595FC99C2BF /* Pods */,
				62F6BA74BDF69F754540FD0B /* Frameworks */,
			);
			sourceTree = "<group>";
		};
		DE0C90D822FA60E7003104CF /* Products */ = {
			isa = PBXGroup;
			children = (
				DE0C90D722FA60E7003104CF /* Rightmind.app */,
			);
			name = Products;
			sourceTree = "<group>";
		};
		DE0C90D922FA60E7003104CF /* Rightmind */ = {
			isa = PBXGroup;
			children = (
				DE8F166A2300A32700127CCD /* Models */,
				DE8F166323009CC400127CCD /* Cells */,
				DE0C90F222FA6B65003104CF /* View Controllers */,
				DE0C90DA22FA60E7003104CF /* AppDelegate.swift */,
				DE12461623BFDE6D004AE759 /* Launch Screen.storyboard */,
				DE0C90E122FA60E8003104CF /* Assets.xcassets */,
				DE0C90E322FA60E8003104CF /* LaunchScreen.storyboard */,
				DE0C90E622FA60E8003104CF /* Info.plist */,
				DE1594A223D12FC200D6D952 /* GoogleService-Info.plist */,
			);
			path = Rightmind;
			sourceTree = "<group>";
		};
		DE0C90F222FA6B65003104CF /* View Controllers */ = {
			isa = PBXGroup;
			children = (
				DE05215122FB3BF6002BA7BF /* QuestionTableViewController.swift */,
				DE63BD9923D3997F008AB616 /* QuizViewController.swift */,
				DE63BDA323D3A992008AB616 /* NewsViewController.swift */,
				DE63BDA123D3A967008AB616 /* HomeViewController.swift */,
				DE63BDA523D3A9B3008AB616 /* SettingsViewController.swift */,
				DE63BD9F23D3A8C8008AB616 /* TabBarViewController.swift */,
				DE05215822FB47A6002BA7BF /* ResultsViewController.swift */,
			);
			path = "View Controllers";
			sourceTree = "<group>";
		};
		DE8F166323009CC400127CCD /* Cells */ = {
			isa = PBXGroup;
			children = (
				DE8F166423009CDC00127CCD /* AnswerCell.swift */,
			);
			path = Cells;
			sourceTree = "<group>";
		};
		DE8F166A2300A32700127CCD /* Models */ = {
			isa = PBXGroup;
			children = (
				DE8F166B2300A33100127CCD /* Question.swift */,
				DE63BD9B23D399CE008AB616 /* AnswerButton.swift */,
			);
			path = Models;
			sourceTree = "<group>";
		};
/* End PBXGroup section */

/* Begin PBXNativeTarget section */
		DE0C90D622FA60E7003104CF /* Rightmind */ = {
			isa = PBXNativeTarget;
			buildConfigurationList = DE0C90E922FA60E8003104CF /* Build configuration list for PBXNativeTarget "Rightmind" */;
			buildPhases = (
				E83614E87C2CB1C26C703D44 /* [CP] Check Pods Manifest.lock */,
				DE0C90D322FA60E7003104CF /* Sources */,
				DE0C90D422FA60E7003104CF /* Frameworks */,
				DE0C90D522FA60E7003104CF /* Resources */,
				04B871CBB8ED91C0431A753B /* [CP] Embed Pods Frameworks */,
			);
			buildRules = (
			);
			dependencies = (
			);
			name = Rightmind;
			productName = Rightmind;
			productReference = DE0C90D722FA60E7003104CF /* Rightmind.app */;
			productType = "com.apple.product-type.application";
		};
/* End PBXNativeTarget section */

/* Begin PBXProject section */
		DE0C90CF22FA60E7003104CF /* Project object */ = {
			isa = PBXProject;
			attributes = {
				LastSwiftUpdateCheck = 1030;
				LastUpgradeCheck = 1030;
				ORGANIZATIONNAME = "Jerry LaGore";
				TargetAttributes = {
					DE0C90D622FA60E7003104CF = {
						CreatedOnToolsVersion = 10.3;
					};
				};
			};
			buildConfigurationList = DE0C90D222FA60E7003104CF /* Build configuration list for PBXProject "Rightmind" */;
			compatibilityVersion = "Xcode 9.3";
			developmentRegion = en;
			hasScannedForEncodings = 0;
			knownRegions = (
				en,
				Base,
			);
			mainGroup = DE0C90CE22FA60E7003104CF;
			productRefGroup = DE0C90D822FA60E7003104CF /* Products */;
			projectDirPath = "";
			projectRoot = "";
			targets = (
				DE0C90D622FA60E7003104CF /* Rightmind */,
			);
		};
/* End PBXProject section */

/* Begin PBXResourcesBuildPhase section */
		DE0C90D522FA60E7003104CF /* Resources */ = {
			isa = PBXResourcesBuildPhase;
			buildActionMask = 2147483647;
			files = (
				DE0C90E522FA60E8003104CF /* LaunchScreen.storyboard in Resources */,
				DE0C90E222FA60E8003104CF /* Assets.xcassets in Resources */,
				DE1594A323D12FC200D6D952 /* GoogleService-Info.plist in Resources */,
				DE12461723BFDE6D004AE759 /* Launch Screen.storyboard in Resources */,
			);
			runOnlyForDeploymentPostprocessing = 0;
		};
/* End PBXResourcesBuildPhase section */

/* Begin PBXShellScriptBuildPhase section */
		04B871CBB8ED91C0431A753B /* [CP] Embed Pods Frameworks */ = {
			isa = PBXShellScriptBuildPhase;
			buildActionMask = 2147483647;
			files = (
			);
			inputFileListPaths = (
				"${PODS_ROOT}/Target Support Files/Pods-Rightmind/Pods-Rightmind-frameworks-${CONFIGURATION}-input-files.xcfilelist",
			);
			name = "[CP] Embed Pods Frameworks";
			outputFileListPaths = (
				"${PODS_ROOT}/Target Support Files/Pods-Rightmind/Pods-Rightmind-frameworks-${CONFIGURATION}-output-files.xcfilelist",
			);
			runOnlyForDeploymentPostprocessing = 0;
			shellPath = /bin/sh;
			shellScript = "\"${PODS_ROOT}/Target Support Files/Pods-Rightmind/Pods-Rightmind-frameworks.sh\"\n";
			showEnvVarsInLog = 0;
		};
		E83614E87C2CB1C26C703D44 /* [CP] Check Pods Manifest.lock */ = {
			isa = PBXShellScriptBuildPhase;
			buildActionMask = 2147483647;
			files = (
			);
			inputFileListPaths = (
			);
			inputPaths = (
				"${PODS_PODFILE_DIR_PATH}/Podfile.lock",
				"${PODS_ROOT}/Manifest.lock",
			);
			name = "[CP] Check Pods Manifest.lock";
			outputFileListPaths = (
			);
			outputPaths = (
				"$(DERIVED_FILE_DIR)/Pods-Rightmind-checkManifestLockResult.txt",
			);
			runOnlyForDeploymentPostprocessing = 0;
			shellPath = /bin/sh;
			shellScript = "diff \"${PODS_PODFILE_DIR_PATH}/Podfile.lock\" \"${PODS_ROOT}/Manifest.lock\" > /dev/null\nif [ $? != 0 ] ; then\n    # print error to STDERR\n    echo \"error: The sandbox is not in sync with the Podfile.lock. Run 'pod install' or update your CocoaPods installation.\" >&2\n    exit 1\nfi\n# This output is used by Xcode 'outputs' to avoid re-running this script phase.\necho \"SUCCESS\" > \"${SCRIPT_OUTPUT_FILE_0}\"\n";
			showEnvVarsInLog = 0;
		};
/* End PBXShellScriptBuildPhase section */

/* Begin PBXSourcesBuildPhase section */
		DE0C90D322FA60E7003104CF /* Sources */ = {
			isa = PBXSourcesBuildPhase;
			buildActionMask = 2147483647;
			files = (
				DE63BDA023D3A8C8008AB616 /* TabBarViewController.swift in Sources */,
				DE8F166C2300A33100127CCD /* Question.swift in Sources */,
				DE63BDA623D3A9B3008AB616 /* SettingsViewController.swift in Sources */,
				DE05215222FB3BF6002BA7BF /* QuestionTableViewController.swift in Sources */,
				DE63BDA423D3A992008AB616 /* NewsViewController.swift in Sources */,
				DE05215922FB47A6002BA7BF /* ResultsViewController.swift in Sources */,
				DE63BD9C23D399CE008AB616 /* AnswerButton.swift in Sources */,
				DE63BDA223D3A967008AB616 /* HomeViewController.swift in Sources */,
				DE8F166523009CDC00127CCD /* AnswerCell.swift in Sources */,
				DE63BD9A23D3997F008AB616 /* QuizViewController.swift in Sources */,
				DE0C90DB22FA60E7003104CF /* AppDelegate.swift in Sources */,
			);
			runOnlyForDeploymentPostprocessing = 0;
		};
/* End PBXSourcesBuildPhase section */

/* Begin PBXVariantGroup section */
		DE0C90E322FA60E8003104CF /* LaunchScreen.storyboard */ = {
			isa = PBXVariantGroup;
			children = (
				DE0C90E422FA60E8003104CF /* Base */,
			);
			name = LaunchScreen.storyboard;
			sourceTree = "<group>";
		};
/* End PBXVariantGroup section */

/* Begin XCBuildConfiguration section */
		DE0C90E722FA60E8003104CF /* Debug */ = {
			isa = XCBuildConfiguration;
			buildSettings = {
				ALWAYS_SEARCH_USER_PATHS = NO;
				CLANG_ANALYZER_NONNULL = YES;
				CLANG_ANALYZER_NUMBER_OBJECT_CONVERSION = YES_AGGRESSIVE;
				CLANG_CXX_LANGUAGE_STANDARD = "gnu++14";
				CLANG_CXX_LIBRARY = "libc++";
				CLANG_ENABLE_MODULES = YES;
				CLANG_ENABLE_OBJC_ARC = YES;
				CLANG_ENABLE_OBJC_WEAK = YES;
				CLANG_WARN_BLOCK_CAPTURE_AUTORELEASING = YES;
				CLANG_WARN_BOOL_CONVERSION = YES;
				CLANG_WARN_COMMA = YES;
				CLANG_WARN_CONSTANT_CONVERSION = YES;
				CLANG_WARN_DEPRECATED_OBJC_IMPLEMENTATIONS = YES;
				CLANG_WARN_DIRECT_OBJC_ISA_USAGE = YES_ERROR;
				CLANG_WARN_DOCUMENTATION_COMMENTS = YES;
				CLANG_WARN_EMPTY_BODY = YES;
				CLANG_WARN_ENUM_CONVERSION = YES;
				CLANG_WARN_INFINITE_RECURSION = YES;
				CLANG_WARN_INT_CONVERSION = YES;
				CLANG_WARN_NON_LITERAL_NULL_CONVERSION = YES;
				CLANG_WARN_OBJC_IMPLICIT_RETAIN_SELF = YES;
				CLANG_WARN_OBJC_LITERAL_CONVERSION = YES;
				CLANG_WARN_OBJC_ROOT_CLASS = YES_ERROR;
				CLANG_WARN_RANGE_LOOP_ANALYSIS = YES;
				CLANG_WARN_STRICT_PROTOTYPES = YES;
				CLANG_WARN_SUSPICIOUS_MOVE = YES;
				CLANG_WARN_UNGUARDED_AVAILABILITY = YES_AGGRESSIVE;
				CLANG_WARN_UNREACHABLE_CODE = YES;
				CLANG_WARN__DUPLICATE_METHOD_MATCH = YES;
				CODE_SIGN_IDENTITY = "iPhone Developer";
				COPY_PHASE_STRIP = NO;
				DEBUG_INFORMATION_FORMAT = dwarf;
				ENABLE_STRICT_OBJC_MSGSEND = YES;
				ENABLE_TESTABILITY = YES;
				GCC_C_LANGUAGE_STANDARD = gnu11;
				GCC_DYNAMIC_NO_PIC = NO;
				GCC_NO_COMMON_BLOCKS = YES;
				GCC_OPTIMIZATION_LEVEL = 0;
				GCC_PREPROCESSOR_DEFINITIONS = (
					"DEBUG=1",
					"$(inherited)",
				);
				GCC_WARN_64_TO_32_BIT_CONVERSION = YES;
				GCC_WARN_ABOUT_RETURN_TYPE = YES_ERROR;
				GCC_WARN_UNDECLARED_SELECTOR = YES;
				GCC_WARN_UNINITIALIZED_AUTOS = YES_AGGRESSIVE;
				GCC_WARN_UNUSED_FUNCTION = YES;
				GCC_WARN_UNUSED_VARIABLE = YES;
				IPHONEOS_DEPLOYMENT_TARGET = 12.4;
				MTL_ENABLE_DEBUG_INFO = INCLUDE_SOURCE;
				MTL_FAST_MATH = YES;
				ONLY_ACTIVE_ARCH = YES;
				SDKROOT = iphoneos;
				SWIFT_ACTIVE_COMPILATION_CONDITIONS = DEBUG;
				SWIFT_OPTIMIZATION_LEVEL = "-Onone";
			};
			name = Debug;
		};
		DE0C90E822FA60E8003104CF /* Release */ = {
			isa = XCBuildConfiguration;
			buildSettings = {
				ALWAYS_SEARCH_USER_PATHS = NO;
				CLANG_ANALYZER_NONNULL = YES;
				CLANG_ANALYZER_NUMBER_OBJECT_CONVERSION = YES_AGGRESSIVE;
				CLANG_CXX_LANGUAGE_STANDARD = "gnu++14";
				CLANG_CXX_LIBRARY = "libc++";
				CLANG_ENABLE_MODULES = YES;
				CLANG_ENABLE_OBJC_ARC = YES;
				CLANG_ENABLE_OBJC_WEAK = YES;
				CLANG_WARN_BLOCK_CAPTURE_AUTORELEASING = YES;
				CLANG_WARN_BOOL_CONVERSION = YES;
				CLANG_WARN_COMMA = YES;
				CLANG_WARN_CONSTANT_CONVERSION = YES;
				CLANG_WARN_DEPRECATED_OBJC_IMPLEMENTATIONS = YES;
				CLANG_WARN_DIRECT_OBJC_ISA_USAGE = YES_ERROR;
				CLANG_WARN_DOCUMENTATION_COMMENTS = YES;
				CLANG_WARN_EMPTY_BODY = YES;
				CLANG_WARN_ENUM_CONVERSION = YES;
				CLANG_WARN_INFINITE_RECURSION = YES;
				CLANG_WARN_INT_CONVERSION = YES;
				CLANG_WARN_NON_LITERAL_NULL_CONVERSION = YES;
				CLANG_WARN_OBJC_IMPLICIT_RETAIN_SELF = YES;
				CLANG_WARN_OBJC_LITERAL_CONVERSION = YES;
				CLANG_WARN_OBJC_ROOT_CLASS = YES_ERROR;
				CLANG_WARN_RANGE_LOOP_ANALYSIS = YES;
				CLANG_WARN_STRICT_PROTOTYPES = YES;
				CLANG_WARN_SUSPICIOUS_MOVE = YES;
				CLANG_WARN_UNGUARDED_AVAILABILITY = YES_AGGRESSIVE;
				CLANG_WARN_UNREACHABLE_CODE = YES;
				CLANG_WARN__DUPLICATE_METHOD_MATCH = YES;
				CODE_SIGN_IDENTITY = "iPhone Developer";
				COPY_PHASE_STRIP = NO;
				DEBUG_INFORMATION_FORMAT = "dwarf-with-dsym";
				ENABLE_NS_ASSERTIONS = NO;
				ENABLE_STRICT_OBJC_MSGSEND = YES;
				GCC_C_LANGUAGE_STANDARD = gnu11;
				GCC_NO_COMMON_BLOCKS = YES;
				GCC_WARN_64_TO_32_BIT_CONVERSION = YES;
				GCC_WARN_ABOUT_RETURN_TYPE = YES_ERROR;
				GCC_WARN_UNDECLARED_SELECTOR = YES;
				GCC_WARN_UNINITIALIZED_AUTOS = YES_AGGRESSIVE;
				GCC_WARN_UNUSED_FUNCTION = YES;
				GCC_WARN_UNUSED_VARIABLE = YES;
				IPHONEOS_DEPLOYMENT_TARGET = 12.4;
				MTL_ENABLE_DEBUG_INFO = NO;
				MTL_FAST_MATH = YES;
				SDKROOT = iphoneos;
				SWIFT_COMPILATION_MODE = wholemodule;
				SWIFT_OPTIMIZATION_LEVEL = "-O";
				VALIDATE_PRODUCT = YES;
			};
			name = Release;
		};
		DE0C90EA22FA60E8003104CF /* Debug */ = {
			isa = XCBuildConfiguration;
			baseConfigurationReference = 6DDC01ED6A7424B46B18D731 /* Pods-Rightmind.debug.xcconfig */;
			buildSettings = {
				ASSETCATALOG_COMPILER_APPICON_NAME = AppIcon;
				CODE_SIGN_STYLE = Automatic;
				DEVELOPMENT_TEAM = QP72M6267K;
				INFOPLIST_FILE = Rightmind/Info.plist;
				IPHONEOS_DEPLOYMENT_TARGET = 13.1;
				LD_RUNPATH_SEARCH_PATHS = (
					"$(inherited)",
					"@executable_path/Frameworks",
				);
				PRODUCT_BUNDLE_IDENTIFIER = com.jerrylagore.Rightmind;
				PRODUCT_NAME = "$(TARGET_NAME)";
				SWIFT_VERSION = 5.0;
				TARGETED_DEVICE_FAMILY = "1,2";
			};
			name = Debug;
		};
		DE0C90EB22FA60E8003104CF /* Release */ = {
			isa = XCBuildConfiguration;
			baseConfigurationReference = 64EC144432DA9BDFDAB92913 /* Pods-Rightmind.release.xcconfig */;
			buildSettings = {
				ASSETCATALOG_COMPILER_APPICON_NAME = AppIcon;
				CODE_SIGN_STYLE = Automatic;
				DEVELOPMENT_TEAM = QP72M6267K;
				INFOPLIST_FILE = Rightmind/Info.plist;
				IPHONEOS_DEPLOYMENT_TARGET = 13.1;
				LD_RUNPATH_SEARCH_PATHS = (
					"$(inherited)",
					"@executable_path/Frameworks",
				);
				PRODUCT_BUNDLE_IDENTIFIER = com.jerrylagore.Rightmind;
				PRODUCT_NAME = "$(TARGET_NAME)";
				SWIFT_VERSION = 5.0;
				TARGETED_DEVICE_FAMILY = "1,2";
			};
			name = Release;
		};
/* End XCBuildConfiguration section */

/* Begin XCConfigurationList section */
		DE0C90D222FA60E7003104CF /* Build configuration list for PBXProject "Rightmind" */ = {
			isa = XCConfigurationList;
			buildConfigurations = (
				DE0C90E722FA60E8003104CF /* Debug */,
				DE0C90E822FA60E8003104CF /* Release */,
			);
			defaultConfigurationIsVisible = 0;
			defaultConfigurationName = Release;
		};
		DE0C90E922FA60E8003104CF /* Build configuration list for PBXNativeTarget "Rightmind" */ = {
			isa = XCConfigurationList;
			buildConfigurations = (
				DE0C90EA22FA60E8003104CF /* Debug */,
				DE0C90EB22FA60E8003104CF /* Release */,
			);
			defaultConfigurationIsVisible = 0;
			defaultConfigurationName = Release;
		};
/* End XCConfigurationList section */
	};
	rootObject = DE0C90CF22FA60E7003104CF /* Project object */;
}
